// !$*UTF8*$!
{
	archiveVersion = 1;
	classes = {
	};
	objectVersion = 46;
	objects = {

/* Begin PBXBuildFile section */
		BB327638156E518F00150B64 /* List of Errors.txt in Resources */ = {isa = PBXBuildFile; fileRef = BB327637156E518F00150B64 /* List of Errors.txt */; };
		BB32763C156E5AC100150B64 /* WHMessage.m in Sources */ = {isa = PBXBuildFile; fileRef = BB32763B156E5AC100150B64 /* WHMessage.m */; };
		BB32763F156EB5DC00150B64 /* NSString+Clinching.m in Sources */ = {isa = PBXBuildFile; fileRef = BB32763E156EB5DC00150B64 /* NSString+Clinching.m */; };
		BB327642156F6C7100150B64 /* NSFileManager+TemporaryFolder.m in Sources */ = {isa = PBXBuildFile; fileRef = BB327641156F6C7100150B64 /* NSFileManager+TemporaryFolder.m */; };
		BB39E0D9156BE28700CEA6CF /* WHSelectViewController.m in Sources */ = {isa = PBXBuildFile; fileRef = BB39E0D8156BE28700CEA6CF /* WHSelectViewController.m */; };
		BB39E0DB156C016C00CEA6CF /* SelectView.xib in Resources */ = {isa = PBXBuildFile; fileRef = BB39E0DA156C016C00CEA6CF /* SelectView.xib */; };
		BB39E0DD156C01BB00CEA6CF /* ProgressView.xib in Resources */ = {isa = PBXBuildFile; fileRef = BB39E0DC156C01BB00CEA6CF /* ProgressView.xib */; };
		BB39E0E0156C066500CEA6CF /* WHProgessViewController.m in Sources */ = {isa = PBXBuildFile; fileRef = BB39E0DF156C066500CEA6CF /* WHProgessViewController.m */; };
		BB39E0E3156C142900CEA6CF /* WHHistory.m in Sources */ = {isa = PBXBuildFile; fileRef = BB39E0E2156C142900CEA6CF /* WHHistory.m */; };
		BB39E0E6156C1FFD00CEA6CF /* WHPreferences.m in Sources */ = {isa = PBXBuildFile; fileRef = BB39E0E5156C1FFD00CEA6CF /* WHPreferences.m */; };
		BB39E0E9156C2BD300CEA6CF /* WHSelectViewBox.m in Sources */ = {isa = PBXBuildFile; fileRef = BB39E0E8156C2BD300CEA6CF /* WHSelectViewBox.m */; };
		BB8D5506156BB29600BA9A2F /* Cocoa.framework in Frameworks */ = {isa = PBXBuildFile; fileRef = BB8D5505156BB29600BA9A2F /* Cocoa.framework */; };
		BB8D5510156BB29600BA9A2F /* InfoPlist.strings in Resources */ = {isa = PBXBuildFile; fileRef = BB8D550E156BB29600BA9A2F /* InfoPlist.strings */; };
		BB8D5512156BB29600BA9A2F /* main.m in Sources */ = {isa = PBXBuildFile; fileRef = BB8D5511156BB29600BA9A2F /* main.m */; };
		BB8D5516156BB29600BA9A2F /* Credits.rtf in Resources */ = {isa = PBXBuildFile; fileRef = BB8D5514156BB29600BA9A2F /* Credits.rtf */; };
		BB8D5519156BB29600BA9A2F /* WHAppDelegate.m in Sources */ = {isa = PBXBuildFile; fileRef = BB8D5518156BB29600BA9A2F /* WHAppDelegate.m */; };
		BB8D551C156BB29600BA9A2F /* MainMenu.xib in Resources */ = {isa = PBXBuildFile; fileRef = BB8D551A156BB29600BA9A2F /* MainMenu.xib */; };
/* End PBXBuildFile section */

/* Begin PBXFileReference section */
		BB327637156E518F00150B64 /* List of Errors.txt */ = {isa = PBXFileReference; fileEncoding = 4; lastKnownFileType = text; path = "List of Errors.txt"; sourceTree = "<group>"; };
		BB32763A156E5AC100150B64 /* WHMessage.h */ = {isa = PBXFileReference; fileEncoding = 4; lastKnownFileType = sourcecode.c.h; path = WHMessage.h; sourceTree = "<group>"; };
		BB32763B156E5AC100150B64 /* WHMessage.m */ = {isa = PBXFileReference; fileEncoding = 4; lastKnownFileType = sourcecode.c.objc; path = WHMessage.m; sourceTree = "<group>"; };
		BB32763D156EB5DC00150B64 /* NSString+Clinching.h */ = {isa = PBXFileReference; fileEncoding = 4; lastKnownFileType = sourcecode.c.h; path = "NSString+Clinching.h"; sourceTree = "<group>"; };
		BB32763E156EB5DC00150B64 /* NSString+Clinching.m */ = {isa = PBXFileReference; fileEncoding = 4; lastKnownFileType = sourcecode.c.objc; path = "NSString+Clinching.m"; sourceTree = "<group>"; };
		BB327640156F6C7100150B64 /* NSFileManager+TemporaryFolder.h */ = {isa = PBXFileReference; fileEncoding = 4; lastKnownFileType = sourcecode.c.h; path = "NSFileManager+TemporaryFolder.h"; sourceTree = "<group>"; };
		BB327641156F6C7100150B64 /* NSFileManager+TemporaryFolder.m */ = {isa = PBXFileReference; fileEncoding = 4; lastKnownFileType = sourcecode.c.objc; path = "NSFileManager+TemporaryFolder.m"; sourceTree = "<group>"; };
		BB39E0D7156BE28700CEA6CF /* WHSelectViewController.h */ = {isa = PBXFileReference; fileEncoding = 4; lastKnownFileType = sourcecode.c.h; path = WHSelectViewController.h; sourceTree = "<group>"; };
		BB39E0D8156BE28700CEA6CF /* WHSelectViewController.m */ = {isa = PBXFileReference; fileEncoding = 4; lastKnownFileType = sourcecode.c.objc; path = WHSelectViewController.m; sourceTree = "<group>"; };
		BB39E0DA156C016C00CEA6CF /* SelectView.xib */ = {isa = PBXFileReference; fileEncoding = 4; lastKnownFileType = file.xib; path = SelectView.xib; sourceTree = "<group>"; };
		BB39E0DC156C01BB00CEA6CF /* ProgressView.xib */ = {isa = PBXFileReference; fileEncoding = 4; lastKnownFileType = file.xib; path = ProgressView.xib; sourceTree = "<group>"; };
		BB39E0DE156C066500CEA6CF /* WHProgessViewController.h */ = {isa = PBXFileReference; fileEncoding = 4; lastKnownFileType = sourcecode.c.h; path = WHProgessViewController.h; sourceTree = "<group>"; };
		BB39E0DF156C066500CEA6CF /* WHProgessViewController.m */ = {isa = PBXFileReference; fileEncoding = 4; lastKnownFileType = sourcecode.c.objc; path = WHProgessViewController.m; sourceTree = "<group>"; };
		BB39E0E1156C142900CEA6CF /* WHHistory.h */ = {isa = PBXFileReference; fileEncoding = 4; lastKnownFileType = sourcecode.c.h; path = WHHistory.h; sourceTree = "<group>"; };
		BB39E0E2156C142900CEA6CF /* WHHistory.m */ = {isa = PBXFileReference; fileEncoding = 4; lastKnownFileType = sourcecode.c.objc; path = WHHistory.m; sourceTree = "<group>"; };
		BB39E0E4156C1FFD00CEA6CF /* WHPreferences.h */ = {isa = PBXFileReference; fileEncoding = 4; lastKnownFileType = sourcecode.c.h; path = WHPreferences.h; sourceTree = "<group>"; };
		BB39E0E5156C1FFD00CEA6CF /* WHPreferences.m */ = {isa = PBXFileReference; fileEncoding = 4; lastKnownFileType = sourcecode.c.objc; path = WHPreferences.m; sourceTree = "<group>"; };
		BB39E0E7156C2BD300CEA6CF /* WHSelectViewBox.h */ = {isa = PBXFileReference; fileEncoding = 4; lastKnownFileType = sourcecode.c.h; path = WHSelectViewBox.h; sourceTree = "<group>"; };
		BB39E0E8156C2BD300CEA6CF /* WHSelectViewBox.m */ = {isa = PBXFileReference; fileEncoding = 4; lastKnownFileType = sourcecode.c.objc; path = WHSelectViewBox.m; sourceTree = "<group>"; };
		BB8D5501156BB29600BA9A2F /* WhatsApp History.app */ = {isa = PBXFileReference; explicitFileType = wrapper.application; includeInIndex = 0; path = "WhatsApp History.app"; sourceTree = BUILT_PRODUCTS_DIR; };
		BB8D5505156BB29600BA9A2F /* Cocoa.framework */ = {isa = PBXFileReference; lastKnownFileType = wrapper.framework; name = Cocoa.framework; path = System/Library/Frameworks/Cocoa.framework; sourceTree = SDKROOT; };
		BB8D5508156BB29600BA9A2F /* AppKit.framework */ = {isa = PBXFileReference; lastKnownFileType = wrapper.framework; name = AppKit.framework; path = System/Library/Frameworks/AppKit.framework; sourceTree = SDKROOT; };
		BB8D5509156BB29600BA9A2F /* CoreData.framework */ = {isa = PBXFileReference; lastKnownFileType = wrapper.framework; name = CoreData.framework; path = System/Library/Frameworks/CoreData.framework; sourceTree = SDKROOT; };
		BB8D550A156BB29600BA9A2F /* Foundation.framework */ = {isa = PBXFileReference; lastKnownFileType = wrapper.framework; name = Foundation.framework; path = System/Library/Frameworks/Foundation.framework; sourceTree = SDKROOT; };
		BB8D550D156BB29600BA9A2F /* WhatsApp History-Info.plist */ = {isa = PBXFileReference; lastKnownFileType = text.plist.xml; path = "WhatsApp History-Info.plist"; sourceTree = "<group>"; };
		BB8D550F156BB29600BA9A2F /* en */ = {isa = PBXFileReference; lastKnownFileType = text.plist.strings; name = en; path = en.lproj/InfoPlist.strings; sourceTree = "<group>"; };
		BB8D5511156BB29600BA9A2F /* main.m */ = {isa = PBXFileReference; lastKnownFileType = sourcecode.c.objc; path = main.m; sourceTree = "<group>"; };
		BB8D5513156BB29600BA9A2F /* WhatsApp History-Prefix.pch */ = {isa = PBXFileReference; lastKnownFileType = sourcecode.c.h; path = "WhatsApp History-Prefix.pch"; sourceTree = "<group>"; };
		BB8D5515156BB29600BA9A2F /* en */ = {isa = PBXFileReference; lastKnownFileType = text.rtf; name = en; path = en.lproj/Credits.rtf; sourceTree = "<group>"; };
		BB8D5517156BB29600BA9A2F /* WHAppDelegate.h */ = {isa = PBXFileReference; lastKnownFileType = sourcecode.c.h; path = WHAppDelegate.h; sourceTree = "<group>"; };
		BB8D5518156BB29600BA9A2F /* WHAppDelegate.m */ = {isa = PBXFileReference; lastKnownFileType = sourcecode.c.objc; path = WHAppDelegate.m; sourceTree = "<group>"; };
		BB8D551B156BB29600BA9A2F /* en */ = {isa = PBXFileReference; lastKnownFileType = file.xib; name = en; path = en.lproj/MainMenu.xib; sourceTree = "<group>"; };
/* End PBXFileReference section */

/* Begin PBXFrameworksBuildPhase section */
		BB8D54FE156BB29600BA9A2F /* Frameworks */ = {
			isa = PBXFrameworksBuildPhase;
			buildActionMask = 2147483647;
			files = (
				BB8D5506156BB29600BA9A2F /* Cocoa.framework in Frameworks */,
			);
			runOnlyForDeploymentPostprocessing = 0;
		};
/* End PBXFrameworksBuildPhase section */

/* Begin PBXGroup section */
		BB327643156F8D7E00150B64 /* UI */ = {
			isa = PBXGroup;
			children = (
				BB8D551A156BB29600BA9A2F /* MainMenu.xib */,
				BB39E0DA156C016C00CEA6CF /* SelectView.xib */,
				BB39E0DC156C01BB00CEA6CF /* ProgressView.xib */,
				BB39E0E7156C2BD300CEA6CF /* WHSelectViewBox.h */,
				BB39E0E8156C2BD300CEA6CF /* WHSelectViewBox.m */,
				BB39E0D7156BE28700CEA6CF /* WHSelectViewController.h */,
				BB39E0D8156BE28700CEA6CF /* WHSelectViewController.m */,
				BB39E0DE156C066500CEA6CF /* WHProgessViewController.h */,
				BB39E0DF156C066500CEA6CF /* WHProgessViewController.m */,
			);
			name = UI;
			sourceTree = "<group>";
		};
		BB327644156F8D9800150B64 /* Parsing */ = {
			isa = PBXGroup;
			children = (
				BB39E0E1156C142900CEA6CF /* WHHistory.h */,
				BB39E0E2156C142900CEA6CF /* WHHistory.m */,
				BB32763A156E5AC100150B64 /* WHMessage.h */,
				BB32763B156E5AC100150B64 /* WHMessage.m */,
			);
			name = Parsing;
			sourceTree = "<group>";
		};
		BB327645156F8DA500150B64 /* Misc */ = {
			isa = PBXGroup;
			children = (
				BB39E0E4156C1FFD00CEA6CF /* WHPreferences.h */,
				BB39E0E5156C1FFD00CEA6CF /* WHPreferences.m */,
				BB327640156F6C7100150B64 /* NSFileManager+TemporaryFolder.h */,
				BB327641156F6C7100150B64 /* NSFileManager+TemporaryFolder.m */,
				BB32763D156EB5DC00150B64 /* NSString+Clinching.h */,
				BB32763E156EB5DC00150B64 /* NSString+Clinching.m */,
			);
			name = Misc;
			sourceTree = "<group>";
		};
		BB8D54F6156BB29500BA9A2F = {
			isa = PBXGroup;
			children = (
				BB8D550B156BB29600BA9A2F /* WhatsApp History */,
				BB8D5504156BB29600BA9A2F /* Frameworks */,
				BB8D5502156BB29600BA9A2F /* Products */,
			);
			sourceTree = "<group>";
		};
		BB8D5502156BB29600BA9A2F /* Products */ = {
			isa = PBXGroup;
			children = (
				BB8D5501156BB29600BA9A2F /* WhatsApp History.app */,
			);
			name = Products;
			sourceTree = "<group>";
		};
		BB8D5504156BB29600BA9A2F /* Frameworks */ = {
			isa = PBXGroup;
			children = (
				BB8D5505156BB29600BA9A2F /* Cocoa.framework */,
				BB8D5507156BB29600BA9A2F /* Other Frameworks */,
			);
			name = Frameworks;
			sourceTree = "<group>";
		};
		BB8D5507156BB29600BA9A2F /* Other Frameworks */ = {
			isa = PBXGroup;
			children = (
				BB8D5508156BB29600BA9A2F /* AppKit.framework */,
				BB8D5509156BB29600BA9A2F /* CoreData.framework */,
				BB8D550A156BB29600BA9A2F /* Foundation.framework */,
			);
			name = "Other Frameworks";
			sourceTree = "<group>";
		};
		BB8D550B156BB29600BA9A2F /* WhatsApp History */ = {
			isa = PBXGroup;
			children = (
				BB8D5517156BB29600BA9A2F /* WHAppDelegate.h */,
				BB8D5518156BB29600BA9A2F /* WHAppDelegate.m */,
				BB327643156F8D7E00150B64 /* UI */,
				BB327644156F8D9800150B64 /* Parsing */,
				BB327645156F8DA500150B64 /* Misc */,
				BB8D550C156BB29600BA9A2F /* Supporting Files */,
			);
			path = "WhatsApp History";
			sourceTree = "<group>";
		};
		BB8D550C156BB29600BA9A2F /* Supporting Files */ = {
			isa = PBXGroup;
			children = (
				BB8D550D156BB29600BA9A2F /* WhatsApp History-Info.plist */,
				BB8D550E156BB29600BA9A2F /* InfoPlist.strings */,
				BB8D5511156BB29600BA9A2F /* main.m */,
				BB8D5513156BB29600BA9A2F /* WhatsApp History-Prefix.pch */,
				BB8D5514156BB29600BA9A2F /* Credits.rtf */,
				BB327637156E518F00150B64 /* List of Errors.txt */,
			);
			name = "Supporting Files";
			sourceTree = "<group>";
		};
/* End PBXGroup section */

/* Begin PBXNativeTarget section */
		BB8D5500156BB29600BA9A2F /* WhatsApp History */ = {
			isa = PBXNativeTarget;
			buildConfigurationList = BB8D551F156BB29600BA9A2F /* Build configuration list for PBXNativeTarget "WhatsApp History" */;
			buildPhases = (
				BB8D54FD156BB29600BA9A2F /* Sources */,
				BB8D54FE156BB29600BA9A2F /* Frameworks */,
				BB8D54FF156BB29600BA9A2F /* Resources */,
			);
			buildRules = (
			);
			dependencies = (
			);
			name = "WhatsApp History";
			productName = "WhatsApp History";
			productReference = BB8D5501156BB29600BA9A2F /* WhatsApp History.app */;
			productType = "com.apple.product-type.application";
		};
/* End PBXNativeTarget section */

/* Begin PBXProject section */
		BB8D54F8156BB29500BA9A2F /* Project object */ = {
			isa = PBXProject;
			attributes = {
				CLASSPREFIX = WH;
				LastUpgradeCheck = 0430;
			};
			buildConfigurationList = BB8D54FB156BB29500BA9A2F /* Build configuration list for PBXProject "WhatsApp History" */;
			compatibilityVersion = "Xcode 3.2";
			developmentRegion = English;
			hasScannedForEncodings = 0;
			knownRegions = (
				en,
			);
			mainGroup = BB8D54F6156BB29500BA9A2F;
			productRefGroup = BB8D5502156BB29600BA9A2F /* Products */;
			projectDirPath = "";
			projectRoot = "";
			targets = (
				BB8D5500156BB29600BA9A2F /* WhatsApp History */,
			);
		};
/* End PBXProject section */

/* Begin PBXResourcesBuildPhase section */
		BB8D54FF156BB29600BA9A2F /* Resources */ = {
			isa = PBXResourcesBuildPhase;
			buildActionMask = 2147483647;
			files = (
				BB8D5510156BB29600BA9A2F /* InfoPlist.strings in Resources */,
				BB8D5516156BB29600BA9A2F /* Credits.rtf in Resources */,
				BB8D551C156BB29600BA9A2F /* MainMenu.xib in Resources */,
				BB39E0DB156C016C00CEA6CF /* SelectView.xib in Resources */,
				BB39E0DD156C01BB00CEA6CF /* ProgressView.xib in Resources */,
				BB327638156E518F00150B64 /* List of Errors.txt in Resources */,
			);
			runOnlyForDeploymentPostprocessing = 0;
		};
/* End PBXResourcesBuildPhase section */

/* Begin PBXSourcesBuildPhase section */
		BB8D54FD156BB29600BA9A2F /* Sources */ = {
			isa = PBXSourcesBuildPhase;
			buildActionMask = 2147483647;
			files = (
				BB8D5512156BB29600BA9A2F /* main.m in Sources */,
				BB8D5519156BB29600BA9A2F /* WHAppDelegate.m in Sources */,
				BB39E0D9156BE28700CEA6CF /* WHSelectViewController.m in Sources */,
				BB39E0E0156C066500CEA6CF /* WHProgessViewController.m in Sources */,
				BB39E0E3156C142900CEA6CF /* WHHistory.m in Sources */,
				BB39E0E6156C1FFD00CEA6CF /* WHPreferences.m in Sources */,
				BB39E0E9156C2BD300CEA6CF /* WHSelectViewBox.m in Sources */,
				BB32763C156E5AC100150B64 /* WHMessage.m in Sources */,
				BB32763F156EB5DC00150B64 /* NSString+Clinching.m in Sources */,
				BB327642156F6C7100150B64 /* NSFileManager+TemporaryFolder.m in Sources */,
			);
			runOnlyForDeploymentPostprocessing = 0;
		};
/* End PBXSourcesBuildPhase section */

/* Begin PBXVariantGroup section */
		BB8D550E156BB29600BA9A2F /* InfoPlist.strings */ = {
			isa = PBXVariantGroup;
			children = (
				BB8D550F156BB29600BA9A2F /* en */,
			);
			name = InfoPlist.strings;
			sourceTree = "<group>";
		};
		BB8D5514156BB29600BA9A2F /* Credits.rtf */ = {
			isa = PBXVariantGroup;
			children = (
				BB8D5515156BB29600BA9A2F /* en */,
			);
			name = Credits.rtf;
			sourceTree = "<group>";
		};
		BB8D551A156BB29600BA9A2F /* MainMenu.xib */ = {
			isa = PBXVariantGroup;
			children = (
				BB8D551B156BB29600BA9A2F /* en */,
			);
			name = MainMenu.xib;
			sourceTree = "<group>";
		};
/* End PBXVariantGroup section */

/* Begin XCBuildConfiguration section */
		BB8D551D156BB29600BA9A2F /* Debug */ = {
			isa = XCBuildConfiguration;
			buildSettings = {
				ALWAYS_SEARCH_USER_PATHS = NO;
				ARCHS = "$(ARCHS_STANDARD_64_BIT)";
				CLANG_ENABLE_OBJC_ARC = YES;
				COPY_PHASE_STRIP = NO;
				GCC_C_LANGUAGE_STANDARD = gnu99;
				GCC_DYNAMIC_NO_PIC = NO;
				GCC_ENABLE_OBJC_EXCEPTIONS = YES;
				GCC_OPTIMIZATION_LEVEL = 0;
				GCC_PREPROCESSOR_DEFINITIONS = (
					"DEBUG=1",
					"$(inherited)",
				);
				GCC_SYMBOLS_PRIVATE_EXTERN = NO;
				GCC_VERSION = com.apple.compilers.llvm.clang.1_0;
				GCC_WARN_64_TO_32_BIT_CONVERSION = YES;
				GCC_WARN_ABOUT_RETURN_TYPE = YES;
				GCC_WARN_UNINITIALIZED_AUTOS = YES;
				GCC_WARN_UNUSED_VARIABLE = YES;
				MACOSX_DEPLOYMENT_TARGET = 10.7;
				ONLY_ACTIVE_ARCH = YES;
				SDKROOT = macosx;
			};
			name = Debug;
		};
		BB8D551E156BB29600BA9A2F /* Release */ = {
			isa = XCBuildConfiguration;
			buildSettings = {
				ALWAYS_SEARCH_USER_PATHS = NO;
				ARCHS = "$(ARCHS_STANDARD_64_BIT)";
				CLANG_ENABLE_OBJC_ARC = YES;
				COPY_PHASE_STRIP = YES;
				DEBUG_INFORMATION_FORMAT = "dwarf-with-dsym";
				GCC_C_LANGUAGE_STANDARD = gnu99;
				GCC_ENABLE_OBJC_EXCEPTIONS = YES;
				GCC_VERSION = com.apple.compilers.llvm.clang.1_0;
				GCC_WARN_64_TO_32_BIT_CONVERSION = YES;
				GCC_WARN_ABOUT_RETURN_TYPE = YES;
				GCC_WARN_UNINITIALIZED_AUTOS = YES;
				GCC_WARN_UNUSED_VARIABLE = YES;
				MACOSX_DEPLOYMENT_TARGET = 10.7;
				SDKROOT = macosx;
			};
			name = Release;
		};
		BB8D5520156BB29600BA9A2F /* Debug */ = {
			isa = XCBuildConfiguration;
			buildSettings = {
				GCC_PRECOMPILE_PREFIX_HEADER = YES;
				GCC_PREFIX_HEADER = "WhatsApp History/WhatsApp History-Prefix.pch";
				INFOPLIST_FILE = "WhatsApp History/WhatsApp History-Info.plist";
				PRODUCT_NAME = "$(TARGET_NAME)";
				WRAPPER_EXTENSION = app;
			};
			name = Debug;
		};
		BB8D5521156BB29600BA9A2F /* Release */ = {
			isa = XCBuildConfiguration;
			buildSettings = {
				GCC_PRECOMPILE_PREFIX_HEADER = YES;
				GCC_PREFIX_HEADER = "WhatsApp History/WhatsApp History-Prefix.pch";
				INFOPLIST_FILE = "WhatsApp History/WhatsApp History-Info.plist";
				PRODUCT_NAME = "$(TARGET_NAME)";
				WRAPPER_EXTENSION = app;
			};
			name = Release;
		};
/* End XCBuildConfiguration section */

/* Begin XCConfigurationList section */
		BB8D54FB156BB29500BA9A2F /* Build configuration list for PBXProject "WhatsApp History" */ = {
			isa = XCConfigurationList;
			buildConfigurations = (
				BB8D551D156BB29600BA9A2F /* Debug */,
				BB8D551E156BB29600BA9A2F /* Release */,
			);
			defaultConfigurationIsVisible = 0;
			defaultConfigurationName = Release;
		};
		BB8D551F156BB29600BA9A2F /* Build configuration list for PBXNativeTarget "WhatsApp History" */ = {
			isa = XCConfigurationList;
			buildConfigurations = (
				BB8D5520156BB29600BA9A2F /* Debug */,
				BB8D5521156BB29600BA9A2F /* Release */,
			);
			defaultConfigurationIsVisible = 0;
			defaultConfigurationName = Release;
		};
/* End XCConfigurationList section */
	};
	rootObject = BB8D54F8156BB29500BA9A2F /* Project object */;
}
